
Microsoft Visual Studio Solution File, Format Version 12.00
# Visual Studio Version 17
VisualStudioVersion = 17.6.33829.357
MinimumVisualStudioVersion = 10.0.40219.1
Project("{FAE04EC0-301F-11D3-BF4B-00C04F79EFBC}") = "PracticaOCP", "PracticaOCP\PracticaOCP.csproj", "{EB2CBCE5-C9F1-4EDA-9155-B58320BE5752}"
EndProject
Global
	GlobalSection(SolutionConfigurationPlatforms) = preSolution
		Debug|Any CPU = Debug|Any CPU
		Release|Any CPU = Release|Any CPU
	EndGlobalSection
	GlobalSection(ProjectConfigurationPlatforms) = postSolution
		{EB2CBCE5-C9F1-4EDA-9155-B58320BE5752}.Debug|Any CPU.ActiveCfg = Debug|Any CPU
		{EB2CBCE5-C9F1-4EDA-9155-B58320BE5752}.Debug|Any CPU.Build.0 = Debug|Any CPU
		{EB2CBCE5-C9F1-4EDA-9155-B58320BE5752}.Release|Any CPU.ActiveCfg = Release|Any CPU
		{EB2CBCE5-C9F1-4EDA-9155-B58320BE5752}.Release|Any CPU.Build.0 = Release|Any CPU
	EndGlobalSection
	GlobalSection(SolutionProperties) = preSolution
		HideSolutionNode = FALSE
	EndGlobalSection
	GlobalSection(ExtensibilityGlobals) = postSolution
		SolutionGuid = {E6D28630-C93C-4A1D-B2B1-1E332042B0A4}
	EndGlobalSection
EndGlobal
